<?xml version="1.0" encoding="utf-8"?>
<Project ToolsVersion="4.0" xmlns="http://schemas.microsoft.com/developer/msbuild/2003">
  <ItemGroup>
    <Filter Include="源文件">
      <UniqueIdentifier>{4FC737F1-C7A5-4376-A066-2A32D752A2FF}</UniqueIdentifier>
      <Extensions>cpp;c;cc;cxx;c++;cppm;ixx;def;odl;idl;hpj;bat;asm;asmx</Extensions>
    </Filter>
    <Filter Include="头文件">
      <UniqueIdentifier>{93995380-89BD-4b04-88EB-625FBE52EBFB}</UniqueIdentifier>
      <Extensions>h;hh;hpp;hxx;h++;hm;inl;inc;ipp;xsd</Extensions>
    </Filter>
    <Filter Include="资源文件">
      <UniqueIdentifier>{67DA6AB6-F800-4c08-8B7A-83BB121AAD01}</UniqueIdentifier>
      <Extensions>rc;ico;cur;bmp;dlg;rc2;rct;bin;rgs;gif;jpg;jpeg;jpe;resx;tiff;tif;png;wav;mfcribbon-ms</Extensions>
    </Filter>
  </ItemGroup>
  <ItemGroup>
    <ClCompile Include="main.cpp">
      <Filter>源文件</Filter>
    </ClCompile>
    <ClCompile Include="errorlib.cpp">
      <Filter>源文件</Filter>
    </ClCompile>
    <ClCompile Include="check_type.cpp">
      <Filter>源文件</Filter>
    </ClCompile>
    <ClCompile Include="basiclib.cpp">
      <Filter>源文件</Filter>
    </ClCompile>
    <ClCompile Include="rb_tree.cpp">
      <Filter>源文件</Filter>
    </ClCompile>
    <ClCompile Include="thread_pool.cpp">
      <Filter>源文件</Filter>
    </ClCompile>
    <ClCompile Include="threadsafe_print.cpp">
      <Filter>源文件</Filter>
    </ClCompile>
    <ClCompile Include="mysql_connect_pool.cpp">
      <Filter>源文件</Filter>
    </ClCompile>
    <ClCompile Include="logging.cpp">
      <Filter>源文件</Filter>
    </ClCompile>
    <ClCompile Include="mathlib.cpp">
      <Filter>源文件</Filter>
    </ClCompile>
  </ItemGroup>
  <ItemGroup>
    <ClInclude Include="errorlib.h">
      <Filter>头文件</Filter>
    </ClInclude>
    <ClInclude Include="vector.hpp">
      <Filter>头文件</Filter>
    </ClInclude>
    <ClInclude Include="check_type.h">
      <Filter>头文件</Filter>
    </ClInclude>
    <ClInclude Include="basiclib.h">
      <Filter>头文件</Filter>
    </ClInclude>
    <ClInclude Include="list.hpp">
      <Filter>头文件</Filter>
    </ClInclude>
    <ClInclude Include="algorithm.hpp">
      <Filter>头文件</Filter>
    </ClInclude>
    <ClInclude Include="numeric.hpp">
      <Filter>头文件</Filter>
    </ClInclude>
    <ClInclude Include="algobase.hpp">
      <Filter>头文件</Filter>
    </ClInclude>
    <ClInclude Include="concepts.hpp">
      <Filter>头文件</Filter>
    </ClInclude>
    <ClInclude Include="algo.hpp">
      <Filter>头文件</Filter>
    </ClInclude>
    <ClInclude Include="functor.hpp">
      <Filter>头文件</Filter>
    </ClInclude>
    <ClInclude Include="mstlc++.hpp">
      <Filter>头文件</Filter>
    </ClInclude>
    <ClInclude Include="functional.hpp">
      <Filter>头文件</Filter>
    </ClInclude>
    <ClInclude Include="iterator.hpp">
      <Filter>头文件</Filter>
    </ClInclude>
    <ClInclude Include="deque.hpp">
      <Filter>头文件</Filter>
    </ClInclude>
    <ClInclude Include="basemstlc++.hpp">
      <Filter>头文件</Filter>
    </ClInclude>
    <ClInclude Include="memory.hpp">
      <Filter>头文件</Filter>
    </ClInclude>
    <ClInclude Include="stack.hpp">
      <Filter>头文件</Filter>
    </ClInclude>
    <ClInclude Include="queue.hpp">
      <Filter>头文件</Filter>
    </ClInclude>
    <ClInclude Include="rb_tree.h">
      <Filter>头文件</Filter>
    </ClInclude>
    <ClInclude Include="mysql_connect_pool.h">
      <Filter>头文件</Filter>
    </ClInclude>
    <ClInclude Include="heap.hpp">
      <Filter>头文件</Filter>
    </ClInclude>
    <ClInclude Include="set.hpp">
      <Filter>头文件</Filter>
    </ClInclude>
    <ClInclude Include="map.hpp">
      <Filter>头文件</Filter>
    </ClInclude>
    <ClInclude Include="hashtable.hpp">
      <Filter>头文件</Filter>
    </ClInclude>
    <ClInclude Include="mathlib.h">
      <Filter>头文件</Filter>
    </ClInclude>
    <ClInclude Include="jsonlib.h">
      <Filter>头文件</Filter>
    </ClInclude>
    <ClInclude Include="tuple.hpp">
      <Filter>头文件</Filter>
    </ClInclude>
    <ClInclude Include="unordered_map.hpp">
      <Filter>头文件</Filter>
    </ClInclude>
    <ClInclude Include="unordered_set.hpp">
      <Filter>头文件</Filter>
    </ClInclude>
    <ClInclude Include="sort.hpp">
      <Filter>头文件</Filter>
    </ClInclude>
    <ClInclude Include="thread_pool.h">
      <Filter>头文件</Filter>
    </ClInclude>
    <ClInclude Include="container.h">
      <Filter>头文件</Filter>
    </ClInclude>
    <ClInclude Include="threadsafe_print.h">
      <Filter>头文件</Filter>
    </ClInclude>
    <ClInclude Include="logging.h">
      <Filter>头文件</Filter>
    </ClInclude>
    <ClInclude Include="type_traits.hpp">
      <Filter>头文件</Filter>
    </ClInclude>
    <ClInclude Include="utility.hpp">
      <Filter>头文件</Filter>
    </ClInclude>
    <ClInclude Include="trace_memory.hpp">
      <Filter>头文件</Filter>
    </ClInclude>
    <ClInclude Include="macro_ranges.h">
      <Filter>头文件</Filter>
    </ClInclude>
    <ClInclude Include="string_view.hpp">
      <Filter>头文件</Filter>
    </ClInclude>
    <ClInclude Include="bitmap.hpp">
      <Filter>头文件</Filter>
    </ClInclude>
    <ClInclude Include="basic_string.hpp">
      <Filter>头文件</Filter>
    </ClInclude>
    <ClInclude Include="string.hpp">
      <Filter>头文件</Filter>
    </ClInclude>
    <ClInclude Include="variant.h">
      <Filter>头文件</Filter>
    </ClInclude>
    <ClInclude Include="stringstream.hpp">
      <Filter>头文件</Filter>
    </ClInclude>
  </ItemGroup>
</Project>