<?xml version="1.0" encoding="utf-8"?>
<Project ToolsVersion="4.0" xmlns="http://schemas.microsoft.com/developer/msbuild/2003">
  <ItemGroup>
    <Filter Include="源文件">
      <UniqueIdentifier>{4FC737F1-C7A5-4376-A066-2A32D752A2FF}</UniqueIdentifier>
      <Extensions>cpp;c;cc;cxx;c++;cppm;ixx;def;odl;idl;hpj;bat;asm;asmx</Extensions>
    </Filter>
    <Filter Include="头文件">
      <UniqueIdentifier>{93995380-89BD-4b04-88EB-625FBE52EBFB}</UniqueIdentifier>
      <Extensions>h;hh;hpp;hxx;h++;hm;inl;inc;ipp;xsd</Extensions>
    </Filter>
    <Filter Include="资源文件">
      <UniqueIdentifier>{67DA6AB6-F800-4c08-8B7A-83BB121AAD01}</UniqueIdentifier>
      <Extensions>rc;ico;cur;bmp;dlg;rc2;rct;bin;rgs;gif;jpg;jpeg;jpe;resx;tiff;tif;png;wav;mfcribbon-ms</Extensions>
    </Filter>
  </ItemGroup>
  <ItemGroup>
    <ClCompile Include="demo_02.cpp">
      <Filter>源文件</Filter>
    </ClCompile>
    <ClCompile Include="error.cpp">
      <Filter>源文件</Filter>
    </ClCompile>
    <ClCompile Include="container.cpp">
      <Filter>源文件</Filter>
    </ClCompile>
    <ClCompile Include="string.cpp">
      <Filter>源文件</Filter>
    </ClCompile>
    <ClCompile Include="check_type.cpp">
      <Filter>源文件</Filter>
    </ClCompile>
    <ClCompile Include="object.cpp">
      <Filter>源文件</Filter>
    </ClCompile>
    <ClCompile Include="basiclib.cpp">
      <Filter>源文件</Filter>
    </ClCompile>
    <ClCompile Include="depositary.cpp">
      <Filter>源文件</Filter>
    </ClCompile>
    <ClCompile Include="rb_tree.cpp">
      <Filter>源文件</Filter>
    </ClCompile>
    <ClCompile Include="algobase.cpp">
      <Filter>源文件</Filter>
    </ClCompile>
  </ItemGroup>
  <ItemGroup>
    <ClInclude Include="array.hpp">
      <Filter>头文件</Filter>
    </ClInclude>
    <ClInclude Include="container.h">
      <Filter>头文件</Filter>
    </ClInclude>
    <ClInclude Include="error.h">
      <Filter>头文件</Filter>
    </ClInclude>
    <ClInclude Include="vector.hpp">
      <Filter>头文件</Filter>
    </ClInclude>
    <ClInclude Include="string.h">
      <Filter>头文件</Filter>
    </ClInclude>
    <ClInclude Include="pair.hpp">
      <Filter>头文件</Filter>
    </ClInclude>
    <ClInclude Include="check_type.h">
      <Filter>头文件</Filter>
    </ClInclude>
    <ClInclude Include="object.h">
      <Filter>头文件</Filter>
    </ClInclude>
    <ClInclude Include="basiclib.h">
      <Filter>头文件</Filter>
    </ClInclude>
    <ClInclude Include="depositary.h">
      <Filter>头文件</Filter>
    </ClInclude>
    <ClInclude Include="list.hpp">
      <Filter>头文件</Filter>
    </ClInclude>
    <ClInclude Include="algorithm.hpp">
      <Filter>头文件</Filter>
    </ClInclude>
    <ClInclude Include="numeric.hpp">
      <Filter>头文件</Filter>
    </ClInclude>
    <ClInclude Include="algobase.h">
      <Filter>头文件</Filter>
    </ClInclude>
    <ClInclude Include="concepts.hpp">
      <Filter>头文件</Filter>
    </ClInclude>
    <ClInclude Include="algo.hpp">
      <Filter>头文件</Filter>
    </ClInclude>
    <ClInclude Include="functor.hpp">
      <Filter>头文件</Filter>
    </ClInclude>
    <ClInclude Include="mstlc++.hpp">
      <Filter>头文件</Filter>
    </ClInclude>
    <ClInclude Include="functional.hpp">
      <Filter>头文件</Filter>
    </ClInclude>
    <ClInclude Include="iterator_adapter.hpp">
      <Filter>头文件</Filter>
    </ClInclude>
    <ClInclude Include="adapter.hpp">
      <Filter>头文件</Filter>
    </ClInclude>
    <ClInclude Include="deque.hpp">
      <Filter>头文件</Filter>
    </ClInclude>
    <ClInclude Include="basemstlc++.hpp">
      <Filter>头文件</Filter>
    </ClInclude>
    <ClInclude Include="memory.hpp">
      <Filter>头文件</Filter>
    </ClInclude>
    <ClInclude Include="stack.hpp">
      <Filter>头文件</Filter>
    </ClInclude>
    <ClInclude Include="queue.hpp">
      <Filter>头文件</Filter>
    </ClInclude>
    <ClInclude Include="rb_tree.h">
      <Filter>头文件</Filter>
    </ClInclude>
    <ClInclude Include="database.h">
      <Filter>头文件</Filter>
    </ClInclude>
    <ClInclude Include="priority_queue.hpp">
      <Filter>头文件</Filter>
    </ClInclude>
    <ClInclude Include="iterator.hpp">
      <Filter>头文件</Filter>
    </ClInclude>
    <ClInclude Include="heap.hpp">
      <Filter>头文件</Filter>
    </ClInclude>
    <ClInclude Include="set.hpp">
      <Filter>头文件</Filter>
    </ClInclude>
    <ClInclude Include="map.hpp">
      <Filter>头文件</Filter>
    </ClInclude>
    <ClInclude Include="hashtable.h">
      <Filter>头文件</Filter>
    </ClInclude>
    <ClInclude Include="math.h">
      <Filter>头文件</Filter>
    </ClInclude>
    <ClInclude Include="jsoncpp.h">
      <Filter>头文件</Filter>
    </ClInclude>
  </ItemGroup>
</Project>